
Microsoft Visual Studio Solution File, Format Version 12.00
# Visual Studio Version 17
VisualStudioVersion = 17.2.32616.157
MinimumVisualStudioVersion = 10.0.40219.1
Project("{2150E333-8FDC-42A3-9474-1A3956D46DE8}") = "Services", "Services", "{4D445908-EABE-4062-BFA4-AD7FC55800C6}"
EndProject
Project("{2150E333-8FDC-42A3-9474-1A3956D46DE8}") = "Catalog", "Catalog", "{1BA93200-544F-4FD4-A5BE-CC0E39293B0D}"
EndProject
Project("{9A19103F-16F7-4668-BE54-9A1E7A4F7556}") = "Catalog.API", "Services\Catalog\Catalog.API\Catalog.API.csproj", "{45872E78-D976-4B57-8081-93025607E5F4}"
EndProject
Project("{E53339B2-1760-4266-BCC7-CA923CBCF16C}") = "docker-compose", "docker-compose.dcproj", "{FAB84706-9BC5-45CD-9DA8-5952E3C24BCC}"
EndProject
Project("{2150E333-8FDC-42A3-9474-1A3956D46DE8}") = "Basket", "Basket", "{EACCAE01-59C6-4E8C-8B09-DBE6A0F79954}"
EndProject
Project("{9A19103F-16F7-4668-BE54-9A1E7A4F7556}") = "Basket.API", "Services\Basket\Basket.API\Basket.API.csproj", "{6BD43465-2CAF-4A6E-81A2-B960453E01D5}"
EndProject
Project("{2150E333-8FDC-42A3-9474-1A3956D46DE8}") = "Discount", "Discount", "{E917F114-80B9-4A30-A764-74EE2957755B}"
EndProject
Project("{9A19103F-16F7-4668-BE54-9A1E7A4F7556}") = "Discount.API", "Services\Discount\Discount.API\Discount.API.csproj", "{04D05513-33B5-4093-8D92-8C42B7C25A56}"
EndProject
Project("{FAE04EC0-301F-11D3-BF4B-00C04F79EFBC}") = "Discount.Grpc", "Services\Discount\Discount.Grpc\Discount.Grpc.csproj", "{B132D354-4E21-46FE-B7DD-A6DB133697F7}"
EndProject
Global
	GlobalSection(SolutionConfigurationPlatforms) = preSolution
		Debug|Any CPU = Debug|Any CPU
		Release|Any CPU = Release|Any CPU
	EndGlobalSection
	GlobalSection(ProjectConfigurationPlatforms) = postSolution
		{45872E78-D976-4B57-8081-93025607E5F4}.Debug|Any CPU.ActiveCfg = Debug|Any CPU
		{45872E78-D976-4B57-8081-93025607E5F4}.Debug|Any CPU.Build.0 = Debug|Any CPU
		{45872E78-D976-4B57-8081-93025607E5F4}.Release|Any CPU.ActiveCfg = Release|Any CPU
		{45872E78-D976-4B57-8081-93025607E5F4}.Release|Any CPU.Build.0 = Release|Any CPU
		{FAB84706-9BC5-45CD-9DA8-5952E3C24BCC}.Debug|Any CPU.ActiveCfg = Debug|Any CPU
		{FAB84706-9BC5-45CD-9DA8-5952E3C24BCC}.Debug|Any CPU.Build.0 = Debug|Any CPU
		{FAB84706-9BC5-45CD-9DA8-5952E3C24BCC}.Release|Any CPU.ActiveCfg = Release|Any CPU
		{FAB84706-9BC5-45CD-9DA8-5952E3C24BCC}.Release|Any CPU.Build.0 = Release|Any CPU
		{6BD43465-2CAF-4A6E-81A2-B960453E01D5}.Debug|Any CPU.ActiveCfg = Debug|Any CPU
		{6BD43465-2CAF-4A6E-81A2-B960453E01D5}.Debug|Any CPU.Build.0 = Debug|Any CPU
		{6BD43465-2CAF-4A6E-81A2-B960453E01D5}.Release|Any CPU.ActiveCfg = Release|Any CPU
		{6BD43465-2CAF-4A6E-81A2-B960453E01D5}.Release|Any CPU.Build.0 = Release|Any CPU
		{04D05513-33B5-4093-8D92-8C42B7C25A56}.Debug|Any CPU.ActiveCfg = Debug|Any CPU
		{04D05513-33B5-4093-8D92-8C42B7C25A56}.Debug|Any CPU.Build.0 = Debug|Any CPU
		{04D05513-33B5-4093-8D92-8C42B7C25A56}.Release|Any CPU.ActiveCfg = Release|Any CPU
		{04D05513-33B5-4093-8D92-8C42B7C25A56}.Release|Any CPU.Build.0 = Release|Any CPU
		{B132D354-4E21-46FE-B7DD-A6DB133697F7}.Debug|Any CPU.ActiveCfg = Debug|Any CPU
		{B132D354-4E21-46FE-B7DD-A6DB133697F7}.Debug|Any CPU.Build.0 = Debug|Any CPU
		{B132D354-4E21-46FE-B7DD-A6DB133697F7}.Release|Any CPU.ActiveCfg = Release|Any CPU
		{B132D354-4E21-46FE-B7DD-A6DB133697F7}.Release|Any CPU.Build.0 = Release|Any CPU
	EndGlobalSection
	GlobalSection(SolutionProperties) = preSolution
		HideSolutionNode = FALSE
	EndGlobalSection
	GlobalSection(NestedProjects) = preSolution
		{1BA93200-544F-4FD4-A5BE-CC0E39293B0D} = {4D445908-EABE-4062-BFA4-AD7FC55800C6}
		{45872E78-D976-4B57-8081-93025607E5F4} = {1BA93200-544F-4FD4-A5BE-CC0E39293B0D}
		{EACCAE01-59C6-4E8C-8B09-DBE6A0F79954} = {4D445908-EABE-4062-BFA4-AD7FC55800C6}
		{6BD43465-2CAF-4A6E-81A2-B960453E01D5} = {EACCAE01-59C6-4E8C-8B09-DBE6A0F79954}
		{E917F114-80B9-4A30-A764-74EE2957755B} = {4D445908-EABE-4062-BFA4-AD7FC55800C6}
		{04D05513-33B5-4093-8D92-8C42B7C25A56} = {E917F114-80B9-4A30-A764-74EE2957755B}
		{B132D354-4E21-46FE-B7DD-A6DB133697F7} = {E917F114-80B9-4A30-A764-74EE2957755B}
	EndGlobalSection
	GlobalSection(ExtensibilityGlobals) = postSolution
		SolutionGuid = {98C22898-3863-42DA-89CD-7D8777E36702}
	EndGlobalSection
EndGlobal
